
Microsoft Visual Studio Solution File, Format Version 12.00
# Visual Studio Version 17
VisualStudioVersion = 17.12.35527.113 d17.12
MinimumVisualStudioVersion = 10.0.40219.1
Project("{FAE04EC0-301F-11D3-BF4B-00C04F79EFBC}") = "MultipleAPI", "MultipleAPI.csproj", "{E16839A1-CED9-4A68-AF61-F833E9ABD038}"
EndProject
Global
	GlobalSection(SolutionConfigurationPlatforms) = preSolution
		Debug|Any CPU = Debug|Any CPU
		Release|Any CPU = Release|Any CPU
	EndGlobalSection
	GlobalSection(ProjectConfigurationPlatforms) = postSolution
		{E16839A1-CED9-4A68-AF61-F833E9ABD038}.Debug|Any CPU.ActiveCfg = Debug|Any CPU
		{E16839A1-CED9-4A68-AF61-F833E9ABD038}.Debug|Any CPU.Build.0 = Debug|Any CPU
		{E16839A1-CED9-4A68-AF61-F833E9ABD038}.Release|Any CPU.ActiveCfg = Release|Any CPU
		{E16839A1-CED9-4A68-AF61-F833E9ABD038}.Release|Any CPU.Build.0 = Release|Any CPU
	EndGlobalSection
	GlobalSection(SolutionProperties) = preSolution
		HideSolutionNode = FALSE
	EndGlobalSection
EndGlobal
